
Microsoft Visual Studio Solution File, Format Version 12.00
# Visual Studio 2012
Project("{FAE04EC0-301F-11D3-BF4B-00C04F79EFBC}") = "A2MVC4", "A2MVC4\A2MVC4.csproj", "{45255EF0-9D1A-40EC-ADF9-040419F9E59D}"
EndProject
Global
	GlobalSection(SolutionConfigurationPlatforms) = preSolution
		Debug|Any CPU = Debug|Any CPU
		Release|Any CPU = Release|Any CPU
	EndGlobalSection
	GlobalSection(ProjectConfigurationPlatforms) = postSolution
		{45255EF0-9D1A-40EC-ADF9-040419F9E59D}.Debug|Any CPU.ActiveCfg = Debug|Any CPU
		{45255EF0-9D1A-40EC-ADF9-040419F9E59D}.Debug|Any CPU.Build.0 = Debug|Any CPU
		{45255EF0-9D1A-40EC-ADF9-040419F9E59D}.Release|Any CPU.ActiveCfg = Release|Any CPU
		{45255EF0-9D1A-40EC-ADF9-040419F9E59D}.Release|Any CPU.Build.0 = Release|Any CPU
	EndGlobalSection
	GlobalSection(SolutionProperties) = preSolution
		HideSolutionNode = FALSE
	EndGlobalSection
EndGlobal
